<?xml version="1.0" encoding="utf-8"?>
<Project ToolsVersion="4.0" xmlns="http://schemas.microsoft.com/developer/msbuild/2003">
  <ItemGroup>
    <ClCompile Include="render_pdf.cpp" />
    <ClCompile Include="src\render_pdf_options.cpp">
      <Filter>src</Filter>
    </ClCompile>
    <ClCompile Include="src\pdfium_aux.cpp">
      <Filter>src</Filter>
    </ClCompile>
  </ItemGroup>
  <ItemGroup>
    <Filter Include="src">
      <UniqueIdentifier>{bf62f7c3-69d3-4779-a31a-dfa6541766ae}</UniqueIdentifier>
    </Filter>
  </ItemGroup>
  <ItemGroup>
    <ClInclude Include="src\ProgramOptions.hxx">
      <Filter>src</Filter>
    </ClInclude>
    <ClInclude Include="src\render_pdf_options.h">
      <Filter>src</Filter>
    </ClInclude>
    <ClInclude Include="src\stb_image_write.h">
      <Filter>src</Filter>
    </ClInclude>
    <ClInclude Include="src\pdfium_aux.h">
      <Filter>src</Filter>
    </ClInclude>
  </ItemGroup>
</Project>